
Microsoft Visual Studio Solution File, Format Version 12.00
# Visual Studio Version 16
VisualStudioVersion = 16.0.30907.101
MinimumVisualStudioVersion = 10.0.40219.1
Project("{FAE04EC0-301F-11D3-BF4B-00C04F79EFBC}") = "ConsoleApp18", "ConsoleApp18\ConsoleApp18.csproj", "{97ED6E2E-8157-438C-89A2-8D722293CEBE}"
EndProject
Global
	GlobalSection(SolutionConfigurationPlatforms) = preSolution
		Debug|Any CPU = Debug|Any CPU
		Release|Any CPU = Release|Any CPU
	EndGlobalSection
	GlobalSection(ProjectConfigurationPlatforms) = postSolution
		{97ED6E2E-8157-438C-89A2-8D722293CEBE}.Debug|Any CPU.ActiveCfg = Debug|Any CPU
		{97ED6E2E-8157-438C-89A2-8D722293CEBE}.Debug|Any CPU.Build.0 = Debug|Any CPU
		{97ED6E2E-8157-438C-89A2-8D722293CEBE}.Release|Any CPU.ActiveCfg = Release|Any CPU
		{97ED6E2E-8157-438C-89A2-8D722293CEBE}.Release|Any CPU.Build.0 = Release|Any CPU
	EndGlobalSection
	GlobalSection(SolutionProperties) = preSolution
		HideSolutionNode = FALSE
	EndGlobalSection
	GlobalSection(ExtensibilityGlobals) = postSolution
		SolutionGuid = {8A48FF6D-387C-45E5-B63D-8D9214259F23}
	EndGlobalSection
EndGlobal
